
Microsoft Visual Studio Solution File, Format Version 12.00
# Visual Studio 15
VisualStudioVersion = 15.0.27130.2026
MinimumVisualStudioVersion = 10.0.40219.1
Project("{FAE04EC0-301F-11D3-BF4B-00C04F79EFBC}") = "BruteForceBitcoinWalletProject", "BruteForceBitcoinWallet.csproj", "{2EB95A10-58CD-4B0E-9CDE-187D84D7B570}"
EndProject
Global
	GlobalSection(SolutionConfigurationPlatforms) = preSolution
		Debug|Any CPU = Debug|Any CPU
		Release|Any CPU = Release|Any CPU
	EndGlobalSection
	GlobalSection(ProjectConfigurationPlatforms) = postSolution
		{2EB95A10-58CD-4B0E-9CDE-187D84D7B570}.Debug|Any CPU.ActiveCfg = Debug|Any CPU
		{2EB95A10-58CD-4B0E-9CDE-187D84D7B570}.Debug|Any CPU.Build.0 = Debug|Any CPU
		{2EB95A10-58CD-4B0E-9CDE-187D84D7B570}.Release|Any CPU.ActiveCfg = Release|Any CPU
		{2EB95A10-58CD-4B0E-9CDE-187D84D7B570}.Release|Any CPU.Build.0 = Release|Any CPU
	EndGlobalSection
	GlobalSection(SolutionProperties) = preSolution
		HideSolutionNode = FALSE
	EndGlobalSection
	GlobalSection(ExtensibilityGlobals) = postSolution
		SolutionGuid = {BB8376D8-E957-46F0-9D16-5AF93D6F86FC}
	EndGlobalSection
EndGlobal
